
Microsoft Visual Studio Solution File, Format Version 12.00
# Visual Studio Version 17
VisualStudioVersion = 17.11.35222.181
MinimumVisualStudioVersion = 10.0.40219.1
Project("{9A19103F-16F7-4668-BE54-9A1E7A4F7556}") = "ChallengePoint.API", "ChallengePoint\ChallengePoint.API.csproj", "{B28D5C97-EC1A-4572-830D-CA0081AE8A6A}"
EndProject
Project("{FAE04EC0-301F-11D3-BF4B-00C04F79EFBC}") = "ChallengePoint.Domain", "ChallengePoint.Domain\ChallengePoint.Domain.csproj", "{AF8F2501-7AC0-408F-916B-A1A57CDA9F9F}"
EndProject
Project("{FAE04EC0-301F-11D3-BF4B-00C04F79EFBC}") = "ChallengePoint.Infra.Data", "ChallengePoint.Infra.Data\ChallengePoint.Infra.Data.csproj", "{8814CA0C-E82B-4545-BB49-A5271708F77A}"
EndProject
Project("{FAE04EC0-301F-11D3-BF4B-00C04F79EFBC}") = "ChallengePoint.Infra.Ioc", "ChallengePoint.Infra.Ioc\ChallengePoint.Infra.Ioc.csproj", "{0FCB3BCF-6CCE-4E17-A816-AE828A795BBE}"
EndProject
Project("{FAE04EC0-301F-11D3-BF4B-00C04F79EFBC}") = "ChallengePoint.Application", "ChallengePoint.Application\ChallengePoint.Application.csproj", "{76C0C8D1-F0B4-4C1B-A045-D3AB0DCB08A1}"
EndProject
Global
	GlobalSection(SolutionConfigurationPlatforms) = preSolution
		Debug|Any CPU = Debug|Any CPU
		Release|Any CPU = Release|Any CPU
	EndGlobalSection
	GlobalSection(ProjectConfigurationPlatforms) = postSolution
		{B28D5C97-EC1A-4572-830D-CA0081AE8A6A}.Debug|Any CPU.ActiveCfg = Debug|Any CPU
		{B28D5C97-EC1A-4572-830D-CA0081AE8A6A}.Debug|Any CPU.Build.0 = Debug|Any CPU
		{B28D5C97-EC1A-4572-830D-CA0081AE8A6A}.Release|Any CPU.ActiveCfg = Release|Any CPU
		{B28D5C97-EC1A-4572-830D-CA0081AE8A6A}.Release|Any CPU.Build.0 = Release|Any CPU
		{AF8F2501-7AC0-408F-916B-A1A57CDA9F9F}.Debug|Any CPU.ActiveCfg = Debug|Any CPU
		{AF8F2501-7AC0-408F-916B-A1A57CDA9F9F}.Debug|Any CPU.Build.0 = Debug|Any CPU
		{AF8F2501-7AC0-408F-916B-A1A57CDA9F9F}.Release|Any CPU.ActiveCfg = Release|Any CPU
		{AF8F2501-7AC0-408F-916B-A1A57CDA9F9F}.Release|Any CPU.Build.0 = Release|Any CPU
		{8814CA0C-E82B-4545-BB49-A5271708F77A}.Debug|Any CPU.ActiveCfg = Debug|Any CPU
		{8814CA0C-E82B-4545-BB49-A5271708F77A}.Debug|Any CPU.Build.0 = Debug|Any CPU
		{8814CA0C-E82B-4545-BB49-A5271708F77A}.Release|Any CPU.ActiveCfg = Release|Any CPU
		{8814CA0C-E82B-4545-BB49-A5271708F77A}.Release|Any CPU.Build.0 = Release|Any CPU
		{0FCB3BCF-6CCE-4E17-A816-AE828A795BBE}.Debug|Any CPU.ActiveCfg = Debug|Any CPU
		{0FCB3BCF-6CCE-4E17-A816-AE828A795BBE}.Debug|Any CPU.Build.0 = Debug|Any CPU
		{0FCB3BCF-6CCE-4E17-A816-AE828A795BBE}.Release|Any CPU.ActiveCfg = Release|Any CPU
		{0FCB3BCF-6CCE-4E17-A816-AE828A795BBE}.Release|Any CPU.Build.0 = Release|Any CPU
		{76C0C8D1-F0B4-4C1B-A045-D3AB0DCB08A1}.Debug|Any CPU.ActiveCfg = Debug|Any CPU
		{76C0C8D1-F0B4-4C1B-A045-D3AB0DCB08A1}.Debug|Any CPU.Build.0 = Debug|Any CPU
		{76C0C8D1-F0B4-4C1B-A045-D3AB0DCB08A1}.Release|Any CPU.ActiveCfg = Release|Any CPU
		{76C0C8D1-F0B4-4C1B-A045-D3AB0DCB08A1}.Release|Any CPU.Build.0 = Release|Any CPU
	EndGlobalSection
	GlobalSection(SolutionProperties) = preSolution
		HideSolutionNode = FALSE
	EndGlobalSection
	GlobalSection(ExtensibilityGlobals) = postSolution
		SolutionGuid = {F94E897B-A305-4DEB-9FE4-F3445BCD92E4}
	EndGlobalSection
EndGlobal
